
Microsoft Visual Studio Solution File, Format Version 12.00
# Visual Studio Version 17
VisualStudioVersion = 17.14.36518.9
MinimumVisualStudioVersion = 10.0.40219.1
Project("{FAE04EC0-301F-11D3-BF4B-00C04F79EFBC}") = "MiniTaskManagement_System", "MiniTaskManagement_System\MiniTaskManagement_System.csproj", "{4859E83B-F891-4A65-8BF1-BBAE8E2AFDFE}"
EndProject
Global
	GlobalSection(SolutionConfigurationPlatforms) = preSolution
		Debug|Any CPU = Debug|Any CPU
		Release|Any CPU = Release|Any CPU
	EndGlobalSection
	GlobalSection(ProjectConfigurationPlatforms) = postSolution
		{4859E83B-F891-4A65-8BF1-BBAE8E2AFDFE}.Debug|Any CPU.ActiveCfg = Debug|Any CPU
		{4859E83B-F891-4A65-8BF1-BBAE8E2AFDFE}.Debug|Any CPU.Build.0 = Debug|Any CPU
		{4859E83B-F891-4A65-8BF1-BBAE8E2AFDFE}.Release|Any CPU.ActiveCfg = Release|Any CPU
		{4859E83B-F891-4A65-8BF1-BBAE8E2AFDFE}.Release|Any CPU.Build.0 = Release|Any CPU
	EndGlobalSection
	GlobalSection(SolutionProperties) = preSolution
		HideSolutionNode = FALSE
	EndGlobalSection
	GlobalSection(ExtensibilityGlobals) = postSolution
		SolutionGuid = {98991AC7-81B5-4444-A87C-B2E3D084C682}
	EndGlobalSection
EndGlobal
